{
  "name": "graylog-telemidia",
  "version": "1.0.0",
  "lockfileVersion": 3,
  "requires": true,
  "packages": {
    "": {
      "name": "graylog-telemidia",
      "version": "1.0.0",
      "license": "ISC",
      "dependencies": {
        "gelf-pro": "^1.3.12"
      }
    },
    "node_modules/gelf-pro": {
      "version": "1.3.12",
      "resolved": "https://registry.npmjs.org/gelf-pro/-/gelf-pro-1.3.12.tgz",
      "integrity": "sha512-gZcOmLA26WbszShVHhDwjONMZZFvtpctibjY3Mu84sAzMg8VJscFp94UOO4zGLoCfepOWvcysdu+IZT0mWfL6Q==",
      "license": "MIT",
      "dependencies": {
        "lodash": "~4.17.21"
      }
    },
    "node_modules/lodash": {
      "version": "4.17.21",
      "resolved": "https://registry.npmjs.org/lodash/-/lodash-4.17.21.tgz",
      "integrity": "sha512-v2kDEe57lecTulaDIuNTPy3Ry4gLGJ6Z1O3vE1krgXZNrsQ+LFTGHVxVjcXPs17LhbZVGedAJv8XZ1tvj5FvSg==",
      "license": "MIT"
    }
  }
}
